
Microsoft Visual Studio Solution File, Format Version 9.00
# Visual Studio 2005
Project("{8BC9CEB8-8B4A-11D0-8D11-00A0C91BC942}") = "sharpui", "..\sharpui\trunk\sharpui.vcproj", "{F64B1FFB-8586-4424-B8ED-BD58AE9C5B54}"
EndProject
Project("{8BC9CEB8-8B4A-11D0-8D11-00A0C91BC942}") = "suidemon", "..\sharpui\branches\suidemon\suidemon.vcproj", "{D690F3F5-3BC4-4CD1-8B7D-C954A5496E71}"
EndProject
Global
	GlobalSection(SolutionConfigurationPlatforms) = preSolution
		Debug|Win32 = Debug|Win32
		DebugStatic|Win32 = DebugStatic|Win32
		Release|Win32 = Release|Win32
		ReleaseStatic|Win32 = ReleaseStatic|Win32
	EndGlobalSection
	GlobalSection(ProjectConfigurationPlatforms) = postSolution
		{F64B1FFB-8586-4424-B8ED-BD58AE9C5B54}.Debug|Win32.ActiveCfg = Debug|Win32
		{F64B1FFB-8586-4424-B8ED-BD58AE9C5B54}.Debug|Win32.Build.0 = Debug|Win32
		{F64B1FFB-8586-4424-B8ED-BD58AE9C5B54}.DebugStatic|Win32.ActiveCfg = DebugStatic|Win32
		{F64B1FFB-8586-4424-B8ED-BD58AE9C5B54}.DebugStatic|Win32.Build.0 = DebugStatic|Win32
		{F64B1FFB-8586-4424-B8ED-BD58AE9C5B54}.Release|Win32.ActiveCfg = Release|Win32
		{F64B1FFB-8586-4424-B8ED-BD58AE9C5B54}.Release|Win32.Build.0 = Release|Win32
		{F64B1FFB-8586-4424-B8ED-BD58AE9C5B54}.ReleaseStatic|Win32.ActiveCfg = ReleaseStatic|Win32
		{F64B1FFB-8586-4424-B8ED-BD58AE9C5B54}.ReleaseStatic|Win32.Build.0 = ReleaseStatic|Win32
		{D690F3F5-3BC4-4CD1-8B7D-C954A5496E71}.Debug|Win32.ActiveCfg = Debug|Win32
		{D690F3F5-3BC4-4CD1-8B7D-C954A5496E71}.Debug|Win32.Build.0 = Debug|Win32
		{D690F3F5-3BC4-4CD1-8B7D-C954A5496E71}.DebugStatic|Win32.ActiveCfg = DebugStatic|Win32
		{D690F3F5-3BC4-4CD1-8B7D-C954A5496E71}.DebugStatic|Win32.Build.0 = DebugStatic|Win32
		{D690F3F5-3BC4-4CD1-8B7D-C954A5496E71}.Release|Win32.ActiveCfg = Release|Win32
		{D690F3F5-3BC4-4CD1-8B7D-C954A5496E71}.Release|Win32.Build.0 = Release|Win32
		{D690F3F5-3BC4-4CD1-8B7D-C954A5496E71}.ReleaseStatic|Win32.ActiveCfg = ReleaseStatic|Win32
		{D690F3F5-3BC4-4CD1-8B7D-C954A5496E71}.ReleaseStatic|Win32.Build.0 = ReleaseStatic|Win32
	EndGlobalSection
	GlobalSection(SolutionProperties) = preSolution
		HideSolutionNode = FALSE
	EndGlobalSection
EndGlobal
